<?xml version="1.0" encoding="utf-8"?>
<Project ToolsVersion="4.0" xmlns="http://schemas.microsoft.com/developer/msbuild/2003">
  <ItemGroup>
    <ClCompile Include="src\main.cpp" />
    <ClCompile Include="src\debug\DebugEntry.cpp" />
    <ClCompile Include="src\debug\DebugEntryManager.cpp" />
    <ClCompile Include="src\math\Color.cpp" />
    <ClCompile Include="src\utility\strutl.cpp" />
    <ClCompile Include="src\framework\SentanWars.cpp" />
    <ClCompile Include="src\scene\GameScene.cpp" />
  </ItemGroup>
  <ItemGroup>
    <ClInclude Include="src\debug\DebugEntry.h" />
    <ClInclude Include="src\debug\DebugEntryManager.h" />
    <ClInclude Include="src\debug\GameParameter.h" />
    <ClInclude Include="src\math\Color.h" />
    <ClInclude Include="src\utility\strutl.h" />
    <ClInclude Include="src\utility\ViewportUnits.hpp" />
    <ClInclude Include="src\framework\SentanWars.h" />
    <ClInclude Include="src\scene\GameScene.h" />
  </ItemGroup>
</Project>